Microsoft Visual Studio Solution File, Format Version 11.00
# Visual Studio 2008

Project("{9E95EABD-337B-E13B-C638-E86480E1CCA3}") = "XianXiaXIYOU", "Assembly-CSharp.csproj", "{16E8124E-2D1D-B52E-9C5E-E7FAF4198C69}"
EndProject
Project("{9E95EABD-337B-E13B-C638-E86480E1CCA3}") = "XianXiaXIYOU", "Assembly-CSharp-Editor.csproj", "{9037C407-6791-1D81-81A6-09F510435772}"
EndProject
Global
	GlobalSection(SolutionConfigurationPlatforms) = preSolution
		Debug|Any CPU = Debug|Any CPU
		Release|Any CPU = Release|Any CPU
	EndGlobalSection
	GlobalSection(ProjectConfigurationPlatforms) = postSolution
		{16E8124E-2D1D-B52E-9C5E-E7FAF4198C69}.Debug|Any CPU.ActiveCfg = Debug|Any CPU
		{16E8124E-2D1D-B52E-9C5E-E7FAF4198C69}.Debug|Any CPU.Build.0 = Debug|Any CPU
		{16E8124E-2D1D-B52E-9C5E-E7FAF4198C69}.Release|Any CPU.ActiveCfg = Release|Any CPU
		{16E8124E-2D1D-B52E-9C5E-E7FAF4198C69}.Release|Any CPU.Build.0 = Release|Any CPU
		{9037C407-6791-1D81-81A6-09F510435772}.Debug|Any CPU.ActiveCfg = Debug|Any CPU
		{9037C407-6791-1D81-81A6-09F510435772}.Debug|Any CPU.Build.0 = Debug|Any CPU
		{9037C407-6791-1D81-81A6-09F510435772}.Release|Any CPU.ActiveCfg = Release|Any CPU
		{9037C407-6791-1D81-81A6-09F510435772}.Release|Any CPU.Build.0 = Release|Any CPU
	EndGlobalSection
	GlobalSection(SolutionProperties) = preSolution
		HideSolutionNode = FALSE
	EndGlobalSection
	GlobalSection(MonoDevelopProperties) = preSolution
		StartupItem = Assembly-CSharp.csproj
	EndGlobalSection
EndGlobal
